// !$*UTF8*$!
{archiveVersion = 1; classes = {}; objectVersion = 56; objects = {
B565AA0E9E7441D4C4E7F69E = {isa = PBXFileReference; lastKnownFileType = sourcecode.swift; path = "GRTransfer/App/AppStore.swift"; sourceTree = SOURCE_ROOT; };
C0327FA4E449C213EEC9F138 = {isa = PBXBuildFile; fileRef = B565AA0E9E7441D4C4E7F69E; };
A76080A9D17EC6BAE26A88F6 = {isa = PBXFileReference; lastKnownFileType = sourcecode.swift; path = "GRTransfer/App/GRTransferApp.swift"; sourceTree = SOURCE_ROOT; };
7CA26A3A19746AE7958BF5DB = {isa = PBXBuildFile; fileRef = A76080A9D17EC6BAE26A88F6; };
DE77CB75252A548C0FFEFB4A = {isa = PBXFileReference; lastKnownFileType = sourcecode.swift; path = "GRTransfer/Core/CameraClient.swift"; sourceTree = SOURCE_ROOT; };
F87D6D44BED6B194C63400BE = {isa = PBXBuildFile; fileRef = DE77CB75252A548C0FFEFB4A; };
0FABAAA18CCE8853C661D3DB = {isa = PBXFileReference; lastKnownFileType = sourcecode.swift; path = "GRTransfer/Core/JobStore.swift"; sourceTree = SOURCE_ROOT; };
EA073252A98C16E1689D8660 = {isa = PBXBuildFile; fileRef = 0FABAAA18CCE8853C661D3DB; };
E834F6BECD8B218BFBB0E396 = {isa = PBXFileReference; lastKnownFileType = sourcecode.swift; path = "GRTransfer/Core/Models.swift"; sourceTree = SOURCE_ROOT; };
218F1A849A7816127B74F053 = {isa = PBXBuildFile; fileRef = E834F6BECD8B218BFBB0E396; };
EF069551154230F1A633E16F = {isa = PBXFileReference; lastKnownFileType = sourcecode.swift; path = "GRTransfer/Core/OriginalFile.swift"; sourceTree = SOURCE_ROOT; };
060AAC361FFF2CF37061EF92 = {isa = PBXBuildFile; fileRef = EF069551154230F1A633E16F; };
0DBD7216718591623CFB3839 = {isa = PBXFileReference; lastKnownFileType = sourcecode.swift; path = "GRTransfer/Services/CameraBluetooth.swift"; sourceTree = SOURCE_ROOT; };
D7CC174D43E80432F27BBAE9 = {isa = PBXBuildFile; fileRef = 0DBD7216718591623CFB3839; };
7B9E1273FED11B47F9642B05 = {isa = PBXFileReference; lastKnownFileType = sourcecode.swift; path = "GRTransfer/Services/CameraPairing.swift"; sourceTree = SOURCE_ROOT; };
83992A59B736C6A66C1F152A = {isa = PBXBuildFile; fileRef = 7B9E1273FED11B47F9642B05; };
2E1C723B3484264188CB3FEE = {isa = PBXFileReference; lastKnownFileType = sourcecode.swift; path = "GRTransfer/Services/PhotoLibrary.swift"; sourceTree = SOURCE_ROOT; };
571077E7A18860E5DB86B9CC = {isa = PBXBuildFile; fileRef = 2E1C723B3484264188CB3FEE; };
F958BA13AA9CECC26CA14820 = {isa = PBXFileReference; lastKnownFileType = sourcecode.swift; path = "GRTransfer/Services/ThumbnailStore.swift"; sourceTree = SOURCE_ROOT; };
553F26D1F79E955911357890 = {isa = PBXBuildFile; fileRef = F958BA13AA9CECC26CA14820; };
FA9797E342D77479298FC7F3 = {isa = PBXFileReference; lastKnownFileType = sourcecode.swift; path = "GRTransfer/Views/AlbumPickerView.swift"; sourceTree = SOURCE_ROOT; };
4AA1E686528A2BC4A05A3358 = {isa = PBXBuildFile; fileRef = FA9797E342D77479298FC7F3; };
BD06FF71883B61634A267938 = {isa = PBXFileReference; lastKnownFileType = sourcecode.swift; path = "GRTransfer/Views/SettingsView.swift"; sourceTree = SOURCE_ROOT; };
F8ADC0A88129B4CB9CED30BE = {isa = PBXBuildFile; fileRef = BD06FF71883B61634A267938; };
F59CEDD2776C8E987308276C = {isa = PBXFileReference; lastKnownFileType = sourcecode.swift; path = "GRTransfer/Views/TransferView.swift"; sourceTree = SOURCE_ROOT; };
CE35AC58CCCF33D7A1DCEDD8 = {isa = PBXBuildFile; fileRef = F59CEDD2776C8E987308276C; };
F117CC021CE1310F9AFD8321 = {isa = PBXFileReference; lastKnownFileType = folder.assetcatalog; path = "GRTransfer/Resources/Assets.xcassets"; sourceTree = SOURCE_ROOT; };
08A42DE463CD09161ACB73FD = {isa = PBXBuildFile; fileRef = F117CC021CE1310F9AFD8321; };
F782182F85087EF06FF8A105 = {isa = PBXFileReference; lastKnownFileType = text.xml; path = "GRTransfer/Resources/PrivacyInfo.xcprivacy"; sourceTree = SOURCE_ROOT; };
B327A6295077AC212045EDE1 = {isa = PBXBuildFile; fileRef = F782182F85087EF06FF8A105; };
468AE307F6807AFDB56B5B2F = {isa = PBXFileReference; lastKnownFileType = text.plist.xml; path = "GRTransfer/Resources/Info.plist"; sourceTree = SOURCE_ROOT; };
C33DF0B6A6B353C053E741DC = {isa = PBXFileReference; lastKnownFileType = text.plist.entitlements; path = "GRTransfer/Resources/GRTransfer.entitlements"; sourceTree = SOURCE_ROOT; };
581F564515974CBCA7D0832D = {isa = PBXGroup; name = "GRTransfer/App"; children = (B565AA0E9E7441D4C4E7F69E,A76080A9D17EC6BAE26A88F6,); sourceTree = "<group>"; };
9C7EFDFAAC50A4EA99F75C3D = {isa = PBXGroup; name = "GRTransfer/Core"; children = (DE77CB75252A548C0FFEFB4A,0FABAAA18CCE8853C661D3DB,E834F6BECD8B218BFBB0E396,EF069551154230F1A633E16F,); sourceTree = "<group>"; };
250FCC6026961007059DDA6F = {isa = PBXGroup; name = "GRTransfer/Services"; children = (0DBD7216718591623CFB3839,7B9E1273FED11B47F9642B05,2E1C723B3484264188CB3FEE,F958BA13AA9CECC26CA14820,); sourceTree = "<group>"; };
296514DFC48D5851EDDA75B2 = {isa = PBXGroup; name = "GRTransfer/Views"; children = (FA9797E342D77479298FC7F3,BD06FF71883B61634A267938,F59CEDD2776C8E987308276C,); sourceTree = "<group>"; };
CABD133DDF13922D54DBAF3A = {isa = PBXGroup; name = "GRTransfer/Resources"; children = (F117CC021CE1310F9AFD8321,F782182F85087EF06FF8A105,468AE307F6807AFDB56B5B2F,C33DF0B6A6B353C053E741DC,); sourceTree = "<group>"; };
7DC1A841A82981F8C39575BB = {isa = PBXFileReference; lastKnownFileType = text.xcconfig; path = "Config/App.xcconfig"; sourceTree = SOURCE_ROOT; };
4F66FDC1E8DD509A5EFE105F = {isa = PBXFileReference; lastKnownFileType = text.xcconfig; path = "Config/Signing.example.xcconfig"; sourceTree = SOURCE_ROOT; };
67589D405EDCDE0CEBDA1188 = {isa = PBXGroup; name = Config; children = (7DC1A841A82981F8C39575BB,4F66FDC1E8DD509A5EFE105F,); sourceTree = "<group>"; };
38A007151ABE87CC01A5B6E9 = {isa = PBXFileReference; explicitFileType = wrapper.application; path = GRTransfer.app; sourceTree = BUILT_PRODUCTS_DIR; };
FBDC4F23F93125BBEEAE800C = {isa = PBXGroup; name = Products; children = (38A007151ABE87CC01A5B6E9,); sourceTree = "<group>"; };
B28B7AF69320201D1CF206EB = {isa = PBXGroup; children = (581F564515974CBCA7D0832D,9C7EFDFAAC50A4EA99F75C3D,250FCC6026961007059DDA6F,296514DFC48D5851EDDA75B2,CABD133DDF13922D54DBAF3A,67589D405EDCDE0CEBDA1188,FBDC4F23F93125BBEEAE800C,); sourceTree = "<group>"; };
BCE16DD0260827ECF338C787 = {isa = PBXSourcesBuildPhase; buildActionMask = 2147483647; files = (C0327FA4E449C213EEC9F138,7CA26A3A19746AE7958BF5DB,F87D6D44BED6B194C63400BE,EA073252A98C16E1689D8660,218F1A849A7816127B74F053,060AAC361FFF2CF37061EF92,D7CC174D43E80432F27BBAE9,83992A59B736C6A66C1F152A,571077E7A18860E5DB86B9CC,553F26D1F79E955911357890,4AA1E686528A2BC4A05A3358,F8ADC0A88129B4CB9CED30BE,CE35AC58CCCF33D7A1DCEDD8,); runOnlyForDeploymentPostprocessing = 0; };
0189424A5A60FED329FA868E = {isa = PBXResourcesBuildPhase; buildActionMask = 2147483647; files = (08A42DE463CD09161ACB73FD,B327A6295077AC212045EDE1,); runOnlyForDeploymentPostprocessing = 0; };
7561BFB015D8F536760CB671 = {isa = PBXFrameworksBuildPhase; buildActionMask = 2147483647; files = (); runOnlyForDeploymentPostprocessing = 0; };
CACD8F8D7E01D03300A42FA5 = {isa = XCBuildConfiguration; name = Debug; buildSettings = {SDKROOT = "iphoneos";IPHONEOS_DEPLOYMENT_TARGET = "26.6";CLANG_ENABLE_MODULES = "YES";SWIFT_VERSION = "5.0";SWIFT_OPTIMIZATION_LEVEL = "-Onone";DEBUG_INFORMATION_FORMAT = "dwarf";SWIFT_ACTIVE_COMPILATION_CONDITIONS = "DEBUG";}; };
1BA2A0D92BE8C4CB7BC99606 = {isa = XCBuildConfiguration; baseConfigurationReference = 7DC1A841A82981F8C39575BB; name = Debug; buildSettings = {PRODUCT_NAME = "$(TARGET_NAME)";TARGETED_DEVICE_FAMILY = "1,2";INFOPLIST_FILE = "GRTransfer/Resources/Info.plist";CODE_SIGN_ENTITLEMENTS = "GRTransfer/Resources/GRTransfer.entitlements";CODE_SIGN_STYLE = "Automatic";MARKETING_VERSION = "0.1.0";CURRENT_PROJECT_VERSION = "1";ASSETCATALOG_COMPILER_APPICON_NAME = "AppIcon";ASSETCATALOG_COMPILER_GLOBAL_ACCENT_COLOR_NAME = "AccentColor";SUPPORTED_PLATFORMS = "iphoneos iphonesimulator";SUPPORTS_MACCATALYST = "NO";SUPPORTS_MAC_DESIGNED_FOR_IPHONE_IPAD = "NO";GENERATE_INFOPLIST_FILE = "NO";LD_RUNPATH_SEARCH_PATHS = "$(inherited) @executable_path/Frameworks";SWIFT_EMIT_LOC_STRINGS = "YES";}; };
B2C3C6A624C4C8479FDD1FBF = {isa = XCBuildConfiguration; name = Release; buildSettings = {SDKROOT = "iphoneos";IPHONEOS_DEPLOYMENT_TARGET = "26.6";CLANG_ENABLE_MODULES = "YES";SWIFT_VERSION = "5.0";SWIFT_OPTIMIZATION_LEVEL = "-O";DEBUG_INFORMATION_FORMAT = "dwarf-with-dsym";SWIFT_ACTIVE_COMPILATION_CONDITIONS = "";}; };
60BA48D99B3C23F8993C3458 = {isa = XCBuildConfiguration; baseConfigurationReference = 7DC1A841A82981F8C39575BB; name = Release; buildSettings = {PRODUCT_NAME = "$(TARGET_NAME)";TARGETED_DEVICE_FAMILY = "1,2";INFOPLIST_FILE = "GRTransfer/Resources/Info.plist";CODE_SIGN_ENTITLEMENTS = "GRTransfer/Resources/GRTransfer.entitlements";CODE_SIGN_STYLE = "Automatic";MARKETING_VERSION = "0.1.0";CURRENT_PROJECT_VERSION = "1";ASSETCATALOG_COMPILER_APPICON_NAME = "AppIcon";ASSETCATALOG_COMPILER_GLOBAL_ACCENT_COLOR_NAME = "AccentColor";SUPPORTED_PLATFORMS = "iphoneos iphonesimulator";SUPPORTS_MACCATALYST = "NO";SUPPORTS_MAC_DESIGNED_FOR_IPHONE_IPAD = "NO";GENERATE_INFOPLIST_FILE = "NO";LD_RUNPATH_SEARCH_PATHS = "$(inherited) @executable_path/Frameworks";SWIFT_EMIT_LOC_STRINGS = "YES";}; };
FA52021448A4AC7DE6CD200E = {isa = XCConfigurationList; buildConfigurations = (CACD8F8D7E01D03300A42FA5,B2C3C6A624C4C8479FDD1FBF,); defaultConfigurationIsVisible = 0; defaultConfigurationName = Release; };
20BA35986C8D108192A74E6F = {isa = XCConfigurationList; buildConfigurations = (1BA2A0D92BE8C4CB7BC99606,60BA48D99B3C23F8993C3458,); defaultConfigurationIsVisible = 0; defaultConfigurationName = Release; };
0E8A3AD980EC179856012B7E = {isa = PBXNativeTarget; buildConfigurationList = 20BA35986C8D108192A74E6F; buildPhases = (BCE16DD0260827ECF338C787,7561BFB015D8F536760CB671,0189424A5A60FED329FA868E,); buildRules = (); dependencies = (); name = GRTransfer; productName = GRTransfer; productReference = 38A007151ABE87CC01A5B6E9; productType = "com.apple.product-type.application"; };
98F54143AB4E86B28C3AFEE0 = {isa = PBXProject; attributes = {BuildIndependentTargetsInParallel = YES; LastUpgradeCheck = 2600; TargetAttributes = {0E8A3AD980EC179856012B7E = {CreatedOnToolsVersion = 26.0; SystemCapabilities = {com.apple.HotspotConfiguration = {enabled = 1; }; }; }; }; }; buildConfigurationList = FA52021448A4AC7DE6CD200E; compatibilityVersion = "Xcode 14.0"; developmentRegion = "zh-Hans"; hasScannedForEncodings = 0; knownRegions = ("zh-Hans",en,Base,); mainGroup = B28B7AF69320201D1CF206EB; productRefGroup = FBDC4F23F93125BBEEAE800C; projectDirPath = ""; projectRoot = ""; targets = (0E8A3AD980EC179856012B7E,); };
}; rootObject = 98F54143AB4E86B28C3AFEE0; }
